// !$*UTF8*$!
{
	archiveVersion = 1;
	classes = {
	};
	objectVersion = 46;
	objects = {

/* Begin PBXBuildFile section */
		3BFE993B1871BBDC001A124C /* Foundation.framework in Frameworks */ = {isa = PBXBuildFile; fileRef = 3BFE993A1871BBDC001A124C /* Foundation.framework */; };
		3BFE993D1871BBDC001A124C /* CoreGraphics.framework in Frameworks */ = {isa = PBXBuildFile; fileRef = 3BFE993C1871BBDC001A124C /* CoreGraphics.framework */; };
		3BFE993F1871BBDC001A124C /* UIKit.framework in Frameworks */ = {isa = PBXBuildFile; fileRef = 3BFE993E1871BBDC001A124C /* UIKit.framework */; };
		3BFE99451871BBDC001A124C /* InfoPlist.strings in Resources */ = {isa = PBXBuildFile; fileRef = 3BFE99431871BBDC001A124C /* InfoPlist.strings */; };
		3BFE99471871BBDC001A124C /* main.m in Sources */ = {isa = PBXBuildFile; fileRef = 3BFE99461871BBDC001A124C /* main.m */; };
		3BFE994B1871BBDC001A124C /* AppDelegate.m in Sources */ = {isa = PBXBuildFile; fileRef = 3BFE994A1871BBDC001A124C /* AppDelegate.m */; };
		3BFE994D1871BBDC001A124C /* Images.xcassets in Resources */ = {isa = PBXBuildFile; fileRef = 3BFE994C1871BBDC001A124C /* Images.xcassets */; };
		3BFE99541871BBDC001A124C /* XCTest.framework in Frameworks */ = {isa = PBXBuildFile; fileRef = 3BFE99531871BBDC001A124C /* XCTest.framework */; };
		3BFE99551871BBDC001A124C /* Foundation.framework in Frameworks */ = {isa = PBXBuildFile; fileRef = 3BFE993A1871BBDC001A124C /* Foundation.framework */; };
		3BFE99561871BBDC001A124C /* UIKit.framework in Frameworks */ = {isa = PBXBuildFile; fileRef = 3BFE993E1871BBDC001A124C /* UIKit.framework */; };
		3BFE995E1871BBDC001A124C /* InfoPlist.strings in Resources */ = {isa = PBXBuildFile; fileRef = 3BFE995C1871BBDC001A124C /* InfoPlist.strings */; };
		3BFE99601871BBDC001A124C /* UIControlViewDemoTests.m in Sources */ = {isa = PBXBuildFile; fileRef = 3BFE995F1871BBDC001A124C /* UIControlViewDemoTests.m */; };
		3BFE996B1871BC63001A124C /* RootViewController.m in Sources */ = {isa = PBXBuildFile; fileRef = 3BFE996A1871BC63001A124C /* RootViewController.m */; };
/* End PBXBuildFile section */

/* Begin PBXContainerItemProxy section */
		3BFE99571871BBDC001A124C /* PBXContainerItemProxy */ = {
			isa = PBXContainerItemProxy;
			containerPortal = 3BFE992F1871BBDC001A124C /* Project object */;
			proxyType = 1;
			remoteGlobalIDString = 3BFE99361871BBDC001A124C;
			remoteInfo = UIControlViewDemo;
		};
/* End PBXContainerItemProxy section */

/* Begin PBXFileReference section */
		3BFE99371871BBDC001A124C /* UIControlViewDemo.app */ = {isa = PBXFileReference; explicitFileType = wrapper.application; includeInIndex = 0; path = UIControlViewDemo.app; sourceTree = BUILT_PRODUCTS_DIR; };
		3BFE993A1871BBDC001A124C /* Foundation.framework */ = {isa = PBXFileReference; lastKnownFileType = wrapper.framework; name = Foundation.framework; path = System/Library/Frameworks/Foundation.framework; sourceTree = SDKROOT; };
		3BFE993C1871BBDC001A124C /* CoreGraphics.framework */ = {isa = PBXFileReference; lastKnownFileType = wrapper.framework; name = CoreGraphics.framework; path = System/Library/Frameworks/CoreGraphics.framework; sourceTree = SDKROOT; };
		3BFE993E1871BBDC001A124C /* UIKit.framework */ = {isa = PBXFileReference; lastKnownFileType = wrapper.framework; name = UIKit.framework; path = System/Library/Frameworks/UIKit.framework; sourceTree = SDKROOT; };
		3BFE99421871BBDC001A124C /* UIControlViewDemo-Info.plist */ = {isa = PBXFileReference; lastKnownFileType = text.plist.xml; path = "UIControlViewDemo-Info.plist"; sourceTree = "<group>"; };
		3BFE99441871BBDC001A124C /* en */ = {isa = PBXFileReference; lastKnownFileType = text.plist.strings; name = en; path = en.lproj/InfoPlist.strings; sourceTree = "<group>"; };
		3BFE99461871BBDC001A124C /* main.m */ = {isa = PBXFileReference; lastKnownFileType = sourcecode.c.objc; path = main.m; sourceTree = "<group>"; };
		3BFE99481871BBDC001A124C /* UIControlViewDemo-Prefix.pch */ = {isa = PBXFileReference; lastKnownFileType = sourcecode.c.h; path = "UIControlViewDemo-Prefix.pch"; sourceTree = "<group>"; };
		3BFE99491871BBDC001A124C /* AppDelegate.h */ = {isa = PBXFileReference; lastKnownFileType = sourcecode.c.h; path = AppDelegate.h; sourceTree = "<group>"; };
		3BFE994A1871BBDC001A124C /* AppDelegate.m */ = {isa = PBXFileReference; lastKnownFileType = sourcecode.c.objc; path = AppDelegate.m; sourceTree = "<group>"; };
		3BFE994C1871BBDC001A124C /* Images.xcassets */ = {isa = PBXFileReference; lastKnownFileType = folder.assetcatalog; path = Images.xcassets; sourceTree = "<group>"; };
		3BFE99521871BBDC001A124C /* UIControlViewDemoTests.xctest */ = {isa = PBXFileReference; explicitFileType = wrapper.cfbundle; includeInIndex = 0; path = UIControlViewDemoTests.xctest; sourceTree = BUILT_PRODUCTS_DIR; };
		3BFE99531871BBDC001A124C /* XCTest.framework */ = {isa = PBXFileReference; lastKnownFileType = wrapper.framework; name = XCTest.framework; path = Library/Frameworks/XCTest.framework; sourceTree = DEVELOPER_DIR; };
		3BFE995B1871BBDC001A124C /* UIControlViewDemoTests-Info.plist */ = {isa = PBXFileReference; lastKnownFileType = text.plist.xml; path = "UIControlViewDemoTests-Info.plist"; sourceTree = "<group>"; };
		3BFE995D1871BBDC001A124C /* en */ = {isa = PBXFileReference; lastKnownFileType = text.plist.strings; name = en; path = en.lproj/InfoPlist.strings; sourceTree = "<group>"; };
		3BFE995F1871BBDC001A124C /* UIControlViewDemoTests.m */ = {isa = PBXFileReference; lastKnownFileType = sourcecode.c.objc; path = UIControlViewDemoTests.m; sourceTree = "<group>"; };
		3BFE99691871BC63001A124C /* RootViewController.h */ = {isa = PBXFileReference; fileEncoding = 4; lastKnownFileType = sourcecode.c.h; path = RootViewController.h; sourceTree = "<group>"; };
		3BFE996A1871BC63001A124C /* RootViewController.m */ = {isa = PBXFileReference; fileEncoding = 4; lastKnownFileType = sourcecode.c.objc; path = RootViewController.m; sourceTree = "<group>"; };
/* End PBXFileReference section */

/* Begin PBXFrameworksBuildPhase section */
		3BFE99341871BBDC001A124C /* Frameworks */ = {
			isa = PBXFrameworksBuildPhase;
			buildActionMask = 2147483647;
			files = (
				3BFE993D1871BBDC001A124C /* CoreGraphics.framework in Frameworks */,
				3BFE993F1871BBDC001A124C /* UIKit.framework in Frameworks */,
				3BFE993B1871BBDC001A124C /* Foundation.framework in Frameworks */,
			);
			runOnlyForDeploymentPostprocessing = 0;
		};
		3BFE994F1871BBDC001A124C /* Frameworks */ = {
			isa = PBXFrameworksBuildPhase;
			buildActionMask = 2147483647;
			files = (
				3BFE99541871BBDC001A124C /* XCTest.framework in Frameworks */,
				3BFE99561871BBDC001A124C /* UIKit.framework in Frameworks */,
				3BFE99551871BBDC001A124C /* Foundation.framework in Frameworks */,
			);
			runOnlyForDeploymentPostprocessing = 0;
		};
/* End PBXFrameworksBuildPhase section */

/* Begin PBXGroup section */
		3BFE992E1871BBDC001A124C = {
			isa = PBXGroup;
			children = (
				3BFE99401871BBDC001A124C /* UIControlViewDemo */,
				3BFE99591871BBDC001A124C /* UIControlViewDemoTests */,
				3BFE99391871BBDC001A124C /* Frameworks */,
				3BFE99381871BBDC001A124C /* Products */,
			);
			sourceTree = "<group>";
		};
		3BFE99381871BBDC001A124C /* Products */ = {
			isa = PBXGroup;
			children = (
				3BFE99371871BBDC001A124C /* UIControlViewDemo.app */,
				3BFE99521871BBDC001A124C /* UIControlViewDemoTests.xctest */,
			);
			name = Products;
			sourceTree = "<group>";
		};
		3BFE99391871BBDC001A124C /* Frameworks */ = {
			isa = PBXGroup;
			children = (
				3BFE993A1871BBDC001A124C /* Foundation.framework */,
				3BFE993C1871BBDC001A124C /* CoreGraphics.framework */,
				3BFE993E1871BBDC001A124C /* UIKit.framework */,
				3BFE99531871BBDC001A124C /* XCTest.framework */,
			);
			name = Frameworks;
			sourceTree = "<group>";
		};
		3BFE99401871BBDC001A124C /* UIControlViewDemo */ = {
			isa = PBXGroup;
			children = (
				3BFE99491871BBDC001A124C /* AppDelegate.h */,
				3BFE994A1871BBDC001A124C /* AppDelegate.m */,
				3BFE99691871BC63001A124C /* RootViewController.h */,
				3BFE996A1871BC63001A124C /* RootViewController.m */,
				3BFE994C1871BBDC001A124C /* Images.xcassets */,
				3BFE99411871BBDC001A124C /* Supporting Files */,
			);
			path = UIControlViewDemo;
			sourceTree = "<group>";
		};
		3BFE99411871BBDC001A124C /* Supporting Files */ = {
			isa = PBXGroup;
			children = (
				3BFE99421871BBDC001A124C /* UIControlViewDemo-Info.plist */,
				3BFE99431871BBDC001A124C /* InfoPlist.strings */,
				3BFE99461871BBDC001A124C /* main.m */,
				3BFE99481871BBDC001A124C /* UIControlViewDemo-Prefix.pch */,
			);
			name = "Supporting Files";
			sourceTree = "<group>";
		};
		3BFE99591871BBDC001A124C /* UIControlViewDemoTests */ = {
			isa = PBXGroup;
			children = (
				3BFE995F1871BBDC001A124C /* UIControlViewDemoTests.m */,
				3BFE995A1871BBDC001A124C /* Supporting Files */,
			);
			path = UIControlViewDemoTests;
			sourceTree = "<group>";
		};
		3BFE995A1871BBDC001A124C /* Supporting Files */ = {
			isa = PBXGroup;
			children = (
				3BFE995B1871BBDC001A124C /* UIControlViewDemoTests-Info.plist */,
				3BFE995C1871BBDC001A124C /* InfoPlist.strings */,
			);
			name = "Supporting Files";
			sourceTree = "<group>";
		};
/* End PBXGroup section */

/* Begin PBXNativeTarget section */
		3BFE99361871BBDC001A124C /* UIControlViewDemo */ = {
			isa = PBXNativeTarget;
			buildConfigurationList = 3BFE99631871BBDC001A124C /* Build configuration list for PBXNativeTarget "UIControlViewDemo" */;
			buildPhases = (
				3BFE99331871BBDC001A124C /* Sources */,
				3BFE99341871BBDC001A124C /* Frameworks */,
				3BFE99351871BBDC001A124C /* Resources */,
			);
			buildRules = (
			);
			dependencies = (
			);
			name = UIControlViewDemo;
			productName = UIControlViewDemo;
			productReference = 3BFE99371871BBDC001A124C /* UIControlViewDemo.app */;
			productType = "com.apple.product-type.application";
		};
		3BFE99511871BBDC001A124C /* UIControlViewDemoTests */ = {
			isa = PBXNativeTarget;
			buildConfigurationList = 3BFE99661871BBDC001A124C /* Build configuration list for PBXNativeTarget "UIControlViewDemoTests" */;
			buildPhases = (
				3BFE994E1871BBDC001A124C /* Sources */,
				3BFE994F1871BBDC001A124C /* Frameworks */,
				3BFE99501871BBDC001A124C /* Resources */,
			);
			buildRules = (
			);
			dependencies = (
				3BFE99581871BBDC001A124C /* PBXTargetDependency */,
			);
			name = UIControlViewDemoTests;
			productName = UIControlViewDemoTests;
			productReference = 3BFE99521871BBDC001A124C /* UIControlViewDemoTests.xctest */;
			productType = "com.apple.product-type.bundle.unit-test";
		};
/* End PBXNativeTarget section */

/* Begin PBXProject section */
		3BFE992F1871BBDC001A124C /* Project object */ = {
			isa = PBXProject;
			attributes = {
				LastUpgradeCheck = 0500;
				ORGANIZATIONNAME = "pan dabo";
				TargetAttributes = {
					3BFE99511871BBDC001A124C = {
						TestTargetID = 3BFE99361871BBDC001A124C;
					};
				};
			};
			buildConfigurationList = 3BFE99321871BBDC001A124C /* Build configuration list for PBXProject "UIControlViewDemo" */;
			compatibilityVersion = "Xcode 3.2";
			developmentRegion = English;
			hasScannedForEncodings = 0;
			knownRegions = (
				en,
			);
			mainGroup = 3BFE992E1871BBDC001A124C;
			productRefGroup = 3BFE99381871BBDC001A124C /* Products */;
			projectDirPath = "";
			projectRoot = "";
			targets = (
				3BFE99361871BBDC001A124C /* UIControlViewDemo */,
				3BFE99511871BBDC001A124C /* UIControlViewDemoTests */,
			);
		};
/* End PBXProject section */

/* Begin PBXResourcesBuildPhase section */
		3BFE99351871BBDC001A124C /* Resources */ = {
			isa = PBXResourcesBuildPhase;
			buildActionMask = 2147483647;
			files = (
				3BFE99451871BBDC001A124C /* InfoPlist.strings in Resources */,
				3BFE994D1871BBDC001A124C /* Images.xcassets in Resources */,
			);
			runOnlyForDeploymentPostprocessing = 0;
		};
		3BFE99501871BBDC001A124C /* Resources */ = {
			isa = PBXResourcesBuildPhase;
			buildActionMask = 2147483647;
			files = (
				3BFE995E1871BBDC001A124C /* InfoPlist.strings in Resources */,
			);
			runOnlyForDeploymentPostprocessing = 0;
		};
/* End PBXResourcesBuildPhase section */

/* Begin PBXSourcesBuildPhase section */
		3BFE99331871BBDC001A124C /* Sources */ = {
			isa = PBXSourcesBuildPhase;
			buildActionMask = 2147483647;
			files = (
				3BFE994B1871BBDC001A124C /* AppDelegate.m in Sources */,
				3BFE99471871BBDC001A124C /* main.m in Sources */,
				3BFE996B1871BC63001A124C /* RootViewController.m in Sources */,
			);
			runOnlyForDeploymentPostprocessing = 0;
		};
		3BFE994E1871BBDC001A124C /* Sources */ = {
			isa = PBXSourcesBuildPhase;
			buildActionMask = 2147483647;
			files = (
				3BFE99601871BBDC001A124C /* UIControlViewDemoTests.m in Sources */,
			);
			runOnlyForDeploymentPostprocessing = 0;
		};
/* End PBXSourcesBuildPhase section */

/* Begin PBXTargetDependency section */
		3BFE99581871BBDC001A124C /* PBXTargetDependency */ = {
			isa = PBXTargetDependency;
			target = 3BFE99361871BBDC001A124C /* UIControlViewDemo */;
			targetProxy = 3BFE99571871BBDC001A124C /* PBXContainerItemProxy */;
		};
/* End PBXTargetDependency section */

/* Begin PBXVariantGroup section */
		3BFE99431871BBDC001A124C /* InfoPlist.strings */ = {
			isa = PBXVariantGroup;
			children = (
				3BFE99441871BBDC001A124C /* en */,
			);
			name = InfoPlist.strings;
			sourceTree = "<group>";
		};
		3BFE995C1871BBDC001A124C /* InfoPlist.strings */ = {
			isa = PBXVariantGroup;
			children = (
				3BFE995D1871BBDC001A124C /* en */,
			);
			name = InfoPlist.strings;
			sourceTree = "<group>";
		};
/* End PBXVariantGroup section */

/* Begin XCBuildConfiguration section */
		3BFE99611871BBDC001A124C /* Debug */ = {
			isa = XCBuildConfiguration;
			buildSettings = {
				ALWAYS_SEARCH_USER_PATHS = NO;
				ARCHS = "$(ARCHS_STANDARD_INCLUDING_64_BIT)";
				CLANG_CXX_LANGUAGE_STANDARD = "gnu++0x";
				CLANG_CXX_LIBRARY = "libc++";
				CLANG_ENABLE_MODULES = YES;
				CLANG_ENABLE_OBJC_ARC = NO;
				CLANG_WARN_BOOL_CONVERSION = YES;
				CLANG_WARN_CONSTANT_CONVERSION = YES;
				CLANG_WARN_DIRECT_OBJC_ISA_USAGE = YES_ERROR;
				CLANG_WARN_EMPTY_BODY = YES;
				CLANG_WARN_ENUM_CONVERSION = YES;
				CLANG_WARN_INT_CONVERSION = YES;
				CLANG_WARN_OBJC_ROOT_CLASS = YES_ERROR;
				CLANG_WARN__DUPLICATE_METHOD_MATCH = YES;
				"CODE_SIGN_IDENTITY[sdk=iphoneos*]" = "iPhone Developer";
				COPY_PHASE_STRIP = NO;
				GCC_C_LANGUAGE_STANDARD = gnu99;
				GCC_DYNAMIC_NO_PIC = NO;
				GCC_OPTIMIZATION_LEVEL = 0;
				GCC_PREPROCESSOR_DEFINITIONS = (
					"DEBUG=1",
					"$(inherited)",
				);
				GCC_SYMBOLS_PRIVATE_EXTERN = NO;
				GCC_WARN_64_TO_32_BIT_CONVERSION = YES;
				GCC_WARN_ABOUT_RETURN_TYPE = YES_ERROR;
				GCC_WARN_UNDECLARED_SELECTOR = YES;
				GCC_WARN_UNINITIALIZED_AUTOS = YES;
				GCC_WARN_UNUSED_FUNCTION = YES;
				GCC_WARN_UNUSED_VARIABLE = YES;
				IPHONEOS_DEPLOYMENT_TARGET = 7.0;
				ONLY_ACTIVE_ARCH = YES;
				SDKROOT = iphoneos;
			};
			name = Debug;
		};
		3BFE99621871BBDC001A124C /* Release */ = {
			isa = XCBuildConfiguration;
			buildSettings = {
				ALWAYS_SEARCH_USER_PATHS = NO;
				ARCHS = "$(ARCHS_STANDARD_INCLUDING_64_BIT)";
				CLANG_CXX_LANGUAGE_STANDARD = "gnu++0x";
				CLANG_CXX_LIBRARY = "libc++";
				CLANG_ENABLE_MODULES = YES;
				CLANG_ENABLE_OBJC_ARC = NO;
				CLANG_WARN_BOOL_CONVERSION = YES;
				CLANG_WARN_CONSTANT_CONVERSION = YES;
				CLANG_WARN_DIRECT_OBJC_ISA_USAGE = YES_ERROR;
				CLANG_WARN_EMPTY_BODY = YES;
				CLANG_WARN_ENUM_CONVERSION = YES;
				CLANG_WARN_INT_CONVERSION = YES;
				CLANG_WARN_OBJC_ROOT_CLASS = YES_ERROR;
				CLANG_WARN__DUPLICATE_METHOD_MATCH = YES;
				"CODE_SIGN_IDENTITY[sdk=iphoneos*]" = "iPhone Developer";
				COPY_PHASE_STRIP = YES;
				ENABLE_NS_ASSERTIONS = NO;
				GCC_C_LANGUAGE_STANDARD = gnu99;
				GCC_WARN_64_TO_32_BIT_CONVERSION = YES;
				GCC_WARN_ABOUT_RETURN_TYPE = YES_ERROR;
				GCC_WARN_UNDECLARED_SELECTOR = YES;
				GCC_WARN_UNINITIALIZED_AUTOS = YES;
				GCC_WARN_UNUSED_FUNCTION = YES;
				GCC_WARN_UNUSED_VARIABLE = YES;
				IPHONEOS_DEPLOYMENT_TARGET = 7.0;
				SDKROOT = iphoneos;
				VALIDATE_PRODUCT = YES;
			};
			name = Release;
		};
		3BFE99641871BBDC001A124C /* Debug */ = {
			isa = XCBuildConfiguration;
			buildSettings = {
				ASSETCATALOG_COMPILER_APPICON_NAME = AppIcon;
				ASSETCATALOG_COMPILER_LAUNCHIMAGE_NAME = LaunchImage;
				GCC_PRECOMPILE_PREFIX_HEADER = YES;
				GCC_PREFIX_HEADER = "UIControlViewDemo/UIControlViewDemo-Prefix.pch";
				INFOPLIST_FILE = "UIControlViewDemo/UIControlViewDemo-Info.plist";
				PRODUCT_NAME = "$(TARGET_NAME)";
				WRAPPER_EXTENSION = app;
			};
			name = Debug;
		};
		3BFE99651871BBDC001A124C /* Release */ = {
			isa = XCBuildConfiguration;
			buildSettings = {
				ASSETCATALOG_COMPILER_APPICON_NAME = AppIcon;
				ASSETCATALOG_COMPILER_LAUNCHIMAGE_NAME = LaunchImage;
				GCC_PRECOMPILE_PREFIX_HEADER = YES;
				GCC_PREFIX_HEADER = "UIControlViewDemo/UIControlViewDemo-Prefix.pch";
				INFOPLIST_FILE = "UIControlViewDemo/UIControlViewDemo-Info.plist";
				PRODUCT_NAME = "$(TARGET_NAME)";
				WRAPPER_EXTENSION = app;
			};
			name = Release;
		};
		3BFE99671871BBDC001A124C /* Debug */ = {
			isa = XCBuildConfiguration;
			buildSettings = {
				ARCHS = "$(ARCHS_STANDARD_INCLUDING_64_BIT)";
				BUNDLE_LOADER = "$(BUILT_PRODUCTS_DIR)/UIControlViewDemo.app/UIControlViewDemo";
				FRAMEWORK_SEARCH_PATHS = (
					"$(SDKROOT)/Developer/Library/Frameworks",
					"$(inherited)",
					"$(DEVELOPER_FRAMEWORKS_DIR)",
				);
				GCC_PRECOMPILE_PREFIX_HEADER = YES;
				GCC_PREFIX_HEADER = "UIControlViewDemo/UIControlViewDemo-Prefix.pch";
				GCC_PREPROCESSOR_DEFINITIONS = (
					"DEBUG=1",
					"$(inherited)",
				);
				INFOPLIST_FILE = "UIControlViewDemoTests/UIControlViewDemoTests-Info.plist";
				PRODUCT_NAME = "$(TARGET_NAME)";
				TEST_HOST = "$(BUNDLE_LOADER)";
				WRAPPER_EXTENSION = xctest;
			};
			name = Debug;
		};
		3BFE99681871BBDC001A124C /* Release */ = {
			isa = XCBuildConfiguration;
			buildSettings = {
				ARCHS = "$(ARCHS_STANDARD_INCLUDING_64_BIT)";
				BUNDLE_LOADER = "$(BUILT_PRODUCTS_DIR)/UIControlViewDemo.app/UIControlViewDemo";
				FRAMEWORK_SEARCH_PATHS = (
					"$(SDKROOT)/Developer/Library/Frameworks",
					"$(inherited)",
					"$(DEVELOPER_FRAMEWORKS_DIR)",
				);
				GCC_PRECOMPILE_PREFIX_HEADER = YES;
				GCC_PREFIX_HEADER = "UIControlViewDemo/UIControlViewDemo-Prefix.pch";
				INFOPLIST_FILE = "UIControlViewDemoTests/UIControlViewDemoTests-Info.plist";
				PRODUCT_NAME = "$(TARGET_NAME)";
				TEST_HOST = "$(BUNDLE_LOADER)";
				WRAPPER_EXTENSION = xctest;
			};
			name = Release;
		};
/* End XCBuildConfiguration section */

/* Begin XCConfigurationList section */
		3BFE99321871BBDC001A124C /* Build configuration list for PBXProject "UIControlViewDemo" */ = {
			isa = XCConfigurationList;
			buildConfigurations = (
				3BFE99611871BBDC001A124C /* Debug */,
				3BFE99621871BBDC001A124C /* Release */,
			);
			defaultConfigurationIsVisible = 0;
			defaultConfigurationName = Release;
		};
		3BFE99631871BBDC001A124C /* Build configuration list for PBXNativeTarget "UIControlViewDemo" */ = {
			isa = XCConfigurationList;
			buildConfigurations = (
				3BFE99641871BBDC001A124C /* Debug */,
				3BFE99651871BBDC001A124C /* Release */,
			);
			defaultConfigurationIsVisible = 0;
		};
		3BFE99661871BBDC001A124C /* Build configuration list for PBXNativeTarget "UIControlViewDemoTests" */ = {
			isa = XCConfigurationList;
			buildConfigurations = (
				3BFE99671871BBDC001A124C /* Debug */,
				3BFE99681871BBDC001A124C /* Release */,
			);
			defaultConfigurationIsVisible = 0;
		};
/* End XCConfigurationList section */
	};
	rootObject = 3BFE992F1871BBDC001A124C /* Project object */;
}
